
Microsoft Visual Studio Solution File, Format Version 12.00
# Visual Studio Version 17
VisualStudioVersion = 17.9.34728.123
MinimumVisualStudioVersion = 10.0.40219.1
Project("{2150E333-8FDC-42A3-9474-1A3956D46DE8}") = "1.SERVER", "1.SERVER", "{9691541A-5338-4A03-B235-FFDEC3B3C1FF}"
EndProject
Project("{2150E333-8FDC-42A3-9474-1A3956D46DE8}") = "2.Services", "2.Services", "{71ABCFBD-2D13-41D2-A288-5B6B406C3C3B}"
EndProject
Project("{2150E333-8FDC-42A3-9474-1A3956D46DE8}") = "3.REPOSITORY", "3.REPOSITORY", "{764E208B-E22C-49BF-A0B3-9492AB64C892}"
EndProject
Project("{2150E333-8FDC-42A3-9474-1A3956D46DE8}") = "4.CORE", "4.CORE", "{12CE3619-4469-4C83-B47E-E32520DAF33D}"
EndProject
Project("{9A19103F-16F7-4668-BE54-9A1E7A4F7556}") = "TeamUp.API", "TeamUp.API\TeamUp.API.csproj", "{A952136E-BC66-4165-97F8-8F42208E20EE}"
EndProject
Project("{9A19103F-16F7-4668-BE54-9A1E7A4F7556}") = "TeamUp.Contract.Services", "TeamUp.Contract.Services\TeamUp.Contract.Services.csproj", "{18ECACCF-6451-4F83-AAA8-BDBB784FF133}"
EndProject
Project("{9A19103F-16F7-4668-BE54-9A1E7A4F7556}") = "TeamUp.Services", "TeamUp.Services\TeamUp.Services.csproj", "{01196DF8-7C21-473D-93CA-FC779706E760}"
EndProject
Project("{9A19103F-16F7-4668-BE54-9A1E7A4F7556}") = "TeamUp.Contract.Repositories", "TeamUp.Contract.Repositories\TeamUp.Contract.Repositories.csproj", "{57426EA2-1D5C-450C-BAAF-E0CBFD2DD36C}"
EndProject
Project("{9A19103F-16F7-4668-BE54-9A1E7A4F7556}") = "TeamUp.ModelViews", "TeamUp.ModelViews\TeamUp.ModelViews.csproj", "{75D6B9BE-0604-461A-989B-ED88B1CEF776}"
EndProject
Project("{9A19103F-16F7-4668-BE54-9A1E7A4F7556}") = "TeamUp.Repositories", "TeamUp.Repositories\TeamUp.Repositories.csproj", "{AF9C05A9-F626-48E9-9A3D-89CA2E258714}"
EndProject
Project("{9A19103F-16F7-4668-BE54-9A1E7A4F7556}") = "TeamUp.Core", "TeamUp.Core\TeamUp.Core.csproj", "{060BCDA9-F175-45A4-B500-0D8166793389}"
EndProject
Project("{FAE04EC0-301F-11D3-BF4B-00C04F79EFBC}") = "TeamUp.WorkerService", "TeamUp.WorkerService\TeamUp.WorkerService.csproj", "{6843FFBF-9300-45FC-9971-50884A37548A}"
EndProject
Global
	GlobalSection(SolutionConfigurationPlatforms) = preSolution
		Debug|Any CPU = Debug|Any CPU
		Release|Any CPU = Release|Any CPU
	EndGlobalSection
	GlobalSection(ProjectConfigurationPlatforms) = postSolution
		{A952136E-BC66-4165-97F8-8F42208E20EE}.Debug|Any CPU.ActiveCfg = Debug|Any CPU
		{A952136E-BC66-4165-97F8-8F42208E20EE}.Debug|Any CPU.Build.0 = Debug|Any CPU
		{A952136E-BC66-4165-97F8-8F42208E20EE}.Release|Any CPU.ActiveCfg = Release|Any CPU
		{A952136E-BC66-4165-97F8-8F42208E20EE}.Release|Any CPU.Build.0 = Release|Any CPU
		{18ECACCF-6451-4F83-AAA8-BDBB784FF133}.Debug|Any CPU.ActiveCfg = Debug|Any CPU
		{18ECACCF-6451-4F83-AAA8-BDBB784FF133}.Debug|Any CPU.Build.0 = Debug|Any CPU
		{18ECACCF-6451-4F83-AAA8-BDBB784FF133}.Release|Any CPU.ActiveCfg = Release|Any CPU
		{18ECACCF-6451-4F83-AAA8-BDBB784FF133}.Release|Any CPU.Build.0 = Release|Any CPU
		{01196DF8-7C21-473D-93CA-FC779706E760}.Debug|Any CPU.ActiveCfg = Debug|Any CPU
		{01196DF8-7C21-473D-93CA-FC779706E760}.Debug|Any CPU.Build.0 = Debug|Any CPU
		{01196DF8-7C21-473D-93CA-FC779706E760}.Release|Any CPU.ActiveCfg = Release|Any CPU
		{01196DF8-7C21-473D-93CA-FC779706E760}.Release|Any CPU.Build.0 = Release|Any CPU
		{57426EA2-1D5C-450C-BAAF-E0CBFD2DD36C}.Debug|Any CPU.ActiveCfg = Debug|Any CPU
		{57426EA2-1D5C-450C-BAAF-E0CBFD2DD36C}.Debug|Any CPU.Build.0 = Debug|Any CPU
		{57426EA2-1D5C-450C-BAAF-E0CBFD2DD36C}.Release|Any CPU.ActiveCfg = Release|Any CPU
		{57426EA2-1D5C-450C-BAAF-E0CBFD2DD36C}.Release|Any CPU.Build.0 = Release|Any CPU
		{75D6B9BE-0604-461A-989B-ED88B1CEF776}.Debug|Any CPU.ActiveCfg = Debug|Any CPU
		{75D6B9BE-0604-461A-989B-ED88B1CEF776}.Debug|Any CPU.Build.0 = Debug|Any CPU
		{75D6B9BE-0604-461A-989B-ED88B1CEF776}.Release|Any CPU.ActiveCfg = Release|Any CPU
		{75D6B9BE-0604-461A-989B-ED88B1CEF776}.Release|Any CPU.Build.0 = Release|Any CPU
		{AF9C05A9-F626-48E9-9A3D-89CA2E258714}.Debug|Any CPU.ActiveCfg = Debug|Any CPU
		{AF9C05A9-F626-48E9-9A3D-89CA2E258714}.Debug|Any CPU.Build.0 = Debug|Any CPU
		{AF9C05A9-F626-48E9-9A3D-89CA2E258714}.Release|Any CPU.ActiveCfg = Release|Any CPU
		{AF9C05A9-F626-48E9-9A3D-89CA2E258714}.Release|Any CPU.Build.0 = Release|Any CPU
		{060BCDA9-F175-45A4-B500-0D8166793389}.Debug|Any CPU.ActiveCfg = Debug|Any CPU
		{060BCDA9-F175-45A4-B500-0D8166793389}.Debug|Any CPU.Build.0 = Debug|Any CPU
		{060BCDA9-F175-45A4-B500-0D8166793389}.Release|Any CPU.ActiveCfg = Release|Any CPU
		{060BCDA9-F175-45A4-B500-0D8166793389}.Release|Any CPU.Build.0 = Release|Any CPU
		{6843FFBF-9300-45FC-9971-50884A37548A}.Debug|Any CPU.ActiveCfg = Debug|Any CPU
		{6843FFBF-9300-45FC-9971-50884A37548A}.Debug|Any CPU.Build.0 = Debug|Any CPU
		{6843FFBF-9300-45FC-9971-50884A37548A}.Release|Any CPU.ActiveCfg = Release|Any CPU
		{6843FFBF-9300-45FC-9971-50884A37548A}.Release|Any CPU.Build.0 = Release|Any CPU
	EndGlobalSection
	GlobalSection(SolutionProperties) = preSolution
		HideSolutionNode = FALSE
	EndGlobalSection
	GlobalSection(NestedProjects) = preSolution
		{A952136E-BC66-4165-97F8-8F42208E20EE} = {9691541A-5338-4A03-B235-FFDEC3B3C1FF}
		{18ECACCF-6451-4F83-AAA8-BDBB784FF133} = {71ABCFBD-2D13-41D2-A288-5B6B406C3C3B}
		{01196DF8-7C21-473D-93CA-FC779706E760} = {71ABCFBD-2D13-41D2-A288-5B6B406C3C3B}
		{57426EA2-1D5C-450C-BAAF-E0CBFD2DD36C} = {764E208B-E22C-49BF-A0B3-9492AB64C892}
		{75D6B9BE-0604-461A-989B-ED88B1CEF776} = {764E208B-E22C-49BF-A0B3-9492AB64C892}
		{AF9C05A9-F626-48E9-9A3D-89CA2E258714} = {764E208B-E22C-49BF-A0B3-9492AB64C892}
		{060BCDA9-F175-45A4-B500-0D8166793389} = {12CE3619-4469-4C83-B47E-E32520DAF33D}
		{6843FFBF-9300-45FC-9971-50884A37548A} = {71ABCFBD-2D13-41D2-A288-5B6B406C3C3B}
	EndGlobalSection
	GlobalSection(ExtensibilityGlobals) = postSolution
		SolutionGuid = {44AD9DDA-1356-49FA-80E2-2BD31FFBCBA5}
	EndGlobalSection
EndGlobal
